<?xml version="1.0" encoding="utf-8"?>
<Project ToolsVersion="4.0" xmlns="http://schemas.microsoft.com/developer/msbuild/2003">
  <ItemGroup>
    <Filter Include="Source Files">
      <UniqueIdentifier>{4FC737F1-C7A5-4376-A066-2A32D752A2FF}</UniqueIdentifier>
      <Extensions>cpp;c;cc;cxx;def;odl;idl;hpj;bat;asm;asmx</Extensions>
    </Filter>
    <Filter Include="Header Files">
      <UniqueIdentifier>{93995380-89BD-4b04-88EB-625FBE52EBFB}</UniqueIdentifier>
      <Extensions>h;hh;hpp;hxx;hm;inl;inc;ipp;xsd</Extensions>
    </Filter>
    <Filter Include="Resource Files">
      <UniqueIdentifier>{67DA6AB6-F800-4c08-8B7A-83BB121AAD01}</UniqueIdentifier>
      <Extensions>rc;ico;cur;bmp;dlg;rc2;rct;bin;rgs;gif;jpg;jpeg;jpe;resx;tiff;tif;png;wav;mfcribbon-ms</Extensions>
    </Filter>
  </ItemGroup>
  <ItemGroup>
    <ClCompile Include="lux\define.cpp">
      <Filter>Source Files</Filter>
    </ClCompile>
    <ClCompile Include="main.cpp">
      <Filter>Source Files</Filter>
    </ClCompile>
    <ClCompile Include="CustomAgent\CartAI.cpp">
      <Filter>Source Files</Filter>
    </ClCompile>
    <ClCompile Include="CustomAgent\CityAI.cpp">
      <Filter>Source Files</Filter>
    </ClCompile>
    <ClCompile Include="CustomAgent\MetaIA.cpp">
      <Filter>Source Files</Filter>
    </ClCompile>
    <ClCompile Include="CustomAgent\UnitAI.cpp">
      <Filter>Source Files</Filter>
    </ClCompile>
  </ItemGroup>
  <ItemGroup>
    <ClInclude Include="lux\annotate.hpp">
      <Filter>Header Files</Filter>
    </ClInclude>
    <ClInclude Include="lux\city.hpp">
      <Filter>Header Files</Filter>
    </ClInclude>
    <ClInclude Include="lux\constants.hpp">
      <Filter>Header Files</Filter>
    </ClInclude>
    <ClInclude Include="lux\game_objects.hpp">
      <Filter>Header Files</Filter>
    </ClInclude>
    <ClInclude Include="lux\kit.hpp">
      <Filter>Header Files</Filter>
    </ClInclude>
    <ClInclude Include="lux\lux_io.hpp">
      <Filter>Header Files</Filter>
    </ClInclude>
    <ClInclude Include="lux\map.hpp">
      <Filter>Header Files</Filter>
    </ClInclude>
    <ClInclude Include="lux\nlohmann\json.hpp">
      <Filter>Header Files</Filter>
    </ClInclude>
    <ClInclude Include="lux\position.hpp">
      <Filter>Header Files</Filter>
    </ClInclude>
    <ClInclude Include="CustomAgent\CustomPriorityQueue.hpp">
      <Filter>Header Files</Filter>
    </ClInclude>
    <ClInclude Include="CustomAgent\PathFinder.hpp">
      <Filter>Header Files</Filter>
    </ClInclude>
    <ClInclude Include="CustomAgent\Utils.hpp">
      <Filter>Header Files</Filter>
    </ClInclude>
    <ClInclude Include="CustomAgent\Annotator.hpp">
      <Filter>Header Files</Filter>
    </ClInclude>
    <ClInclude Include="CustomAgent\CartAI.hpp">
      <Filter>Header Files</Filter>
    </ClInclude>
    <ClInclude Include="CustomAgent\CityAI.h">
      <Filter>Header Files</Filter>
    </ClInclude>
    <ClInclude Include="CustomAgent\MetaIA.hpp">
      <Filter>Header Files</Filter>
    </ClInclude>
    <ClInclude Include="CustomAgent\UnitAI.h">
      <Filter>Header Files</Filter>
    </ClInclude>
  </ItemGroup>
</Project>